PODS:
  - AFNetworking (3.1.0):
    - AFNetworking/NSURLSession (= 3.1.0)
    - AFNetworking/Reachability (= 3.1.0)
    - AFNetworking/Security (= 3.1.0)
    - AFNetworking/Serialization (= 3.1.0)
    - AFNetworking/UIKit (= 3.1.0)
  - AFNetworking/NSURLSession (3.1.0):
    - AFNetworking/Reachability
    - AFNetworking/Security
    - AFNetworking/Serialization
  - AFNetworking/Reachability (3.1.0)
  - AFNetworking/Security (3.1.0)
  - AFNetworking/Serialization (3.1.0)
  - AFNetworking/UIKit (3.1.0):
    - AFNetworking/NSURLSession
  - Masonry (1.0.2)
  - MJRefresh (3.1.12)
  - SDWebImage (4.0.0):
    - SDWebImage/Core (= 4.0.0)
  - SDWebImage/Core (4.0.0)
  - TCCommonLibs (0.5.1):
    - TCCommonLibs/Category (= 0.5.1)
    - TCCommonLibs/Controller (= 0.5.1)
    - TCCommonLibs/DicToModel (= 0.5.1)
    - TCCommonLibs/Tools (= 0.5.1)
    - TCCommonLibs/UI (= 0.5.1)
    - TCCommonLibs/Utility (= 0.5.1)
    - TCCommonLibs/WebService (= 0.5.1)
  - TCCommonLibs/Category (0.5.1):
    - SDWebImage
    - TCCommonLibs/Utility
  - TCCommonLibs/Controller (0.5.1):
    - TCCommonLibs/Category
  - TCCommonLibs/DicToModel (0.5.1)
  - TCCommonLibs/Tools (0.5.1):
    - TCCommonLibs/WebService
  - TCCommonLibs/UI (0.5.1):
    - Masonry
    - MJRefresh
    - SDWebImage
    - TCCommonLibs/Category
    - TCCommonLibs/Tools
    - TCCommonLibs/Utility
  - TCCommonLibs/Utility (0.5.1)
  - TCCommonLibs/WebService (0.5.1):
    - AFNetworking
    - TCCommonLibs/Utility

DEPENDENCIES:
  - TCCommonLibs (from `../`)

EXTERNAL SOURCES:
  TCCommonLibs:
    :path: "../"

SPEC CHECKSUMS:
  AFNetworking: 5e0e199f73d8626b11e79750991f5d173d1f8b67
  Masonry: 7c429b56da9d4ee0bbb3ed77a5ea710d6a5df39e
  MJRefresh: b96cdb21c4aa75a7b07654311ab2f315c497e806
  SDWebImage: 76a6348bdc74eb5a55dd08a091ef298e56b55e41
  TCCommonLibs: 1cdb13385d8eca51d76baa07ddba588fd332f986

PODFILE CHECKSUM: d155c35cce33436ff06936ef5c9f37021a0d6d67

COCOAPODS: 1.2.1
